lockfileVersion: '9.0'

settings:
  autoInstallPeers: true
  excludeLinksFromLockfile: false

importers:

  .:
    dependencies:
      nhsuk-frontend:
        specifier: ^10.5.2
        version: 10.5.2

packages:

  nhsuk-frontend@10.5.2:
    resolution: {integrity: sha512-lTOmzSDJkEn8uhuEuj3NKAW5MYuG/5tqMRsp15An2oLKlpGEoEAoREp+tHYJ7DLOPDRp9Z/zmp6/pLea75ae1g==}
    engines: {node: ^20.9.0 || ^22.11.0 || >= 24.11.0}
    peerDependencies:
      '@prettier/sync': ^0.6.0
      highlight.js: ^11.0.0
      nunjucks: ^3.0.0
      outdent: ^0.8.0
      slug: ^9.0.0 || ^11.0.0
    peerDependenciesMeta:
      '@prettier/sync':
        optional: true
      highlight.js:
        optional: true
      nunjucks:
        optional: true
      outdent:
        optional: true
      slug:
        optional: true

snapshots:

  nhsuk-frontend@10.5.2: {}
